// !$*UTF8*$!
{
	archiveVersion = 1;
	classes = {
	};
	objectVersion = 55;
	objects = {

/* Begin PBXBuildFile section */
		6923FCCA2735BA0000095564 /* AlbumViewController.swift in Sources */ = {isa = PBXBuildFile; fileRef = 6923FCC82735B9FF00095564 /* AlbumViewController.swift */; };
		6923FCCB2735BA0000095564 /* AlbumViewController.xib in Resources */ = {isa = PBXBuildFile; fileRef = 6923FCC92735B9FF00095564 /* AlbumViewController.xib */; };
		6923FCCD2735F77F00095564 /* SongsModel.swift in Sources */ = {isa = PBXBuildFile; fileRef = 6923FCCC2735F77E00095564 /* SongsModel.swift */; };
		6923FCD1273602A200095564 /* SongTableViewCell.swift in Sources */ = {isa = PBXBuildFile; fileRef = 6923FCCF273602A200095564 /* SongTableViewCell.swift */; };
		6923FCD2273602A200095564 /* SongTableViewCell.xib in Resources */ = {isa = PBXBuildFile; fileRef = 6923FCD0273602A200095564 /* SongTableViewCell.xib */; };
		694E4AE827358E0A00380272 /* AppDelegate.swift in Sources */ = {isa = PBXBuildFile; fileRef = 694E4AE727358E0A00380272 /* AppDelegate.swift */; };
		694E4AF127358E0B00380272 /* Assets.xcassets in Resources */ = {isa = PBXBuildFile; fileRef = 694E4AF027358E0B00380272 /* Assets.xcassets */; };
		694E4AF427358E0B00380272 /* LaunchScreen.storyboard in Resources */ = {isa = PBXBuildFile; fileRef = 694E4AF227358E0B00380272 /* LaunchScreen.storyboard */; };
		694E4AFE273590AB00380272 /* SearchViewController.swift in Sources */ = {isa = PBXBuildFile; fileRef = 694E4AFC273590AB00380272 /* SearchViewController.swift */; };
		694E4AFF273590AB00380272 /* SearchViewController.xib in Resources */ = {isa = PBXBuildFile; fileRef = 694E4AFD273590AB00380272 /* SearchViewController.xib */; };
		694E4B022735949B00380272 /* NetworkRequest.swift in Sources */ = {isa = PBXBuildFile; fileRef = 694E4B012735949B00380272 /* NetworkRequest.swift */; };
		694E4B04273594AD00380272 /* NetworkDataFetch.swift in Sources */ = {isa = PBXBuildFile; fileRef = 694E4B03273594AD00380272 /* NetworkDataFetch.swift */; };
		694E4B062735953300380272 /* AlbumModel.swift in Sources */ = {isa = PBXBuildFile; fileRef = 694E4B052735953300380272 /* AlbumModel.swift */; };
		694E4B0B273596A600380272 /* AlbumCollectionViewCell.swift in Sources */ = {isa = PBXBuildFile; fileRef = 694E4B09273596A600380272 /* AlbumCollectionViewCell.swift */; };
		694E4B0C273596A600380272 /* AlbumCollectionViewCell.xib in Resources */ = {isa = PBXBuildFile; fileRef = 694E4B0A273596A600380272 /* AlbumCollectionViewCell.xib */; };
/* End PBXBuildFile section */

/* Begin PBXFileReference section */
		6923FCC82735B9FF00095564 /* AlbumViewController.swift */ = {isa = PBXFileReference; lastKnownFileType = sourcecode.swift; path = AlbumViewController.swift; sourceTree = "<group>"; };
		6923FCC92735B9FF00095564 /* AlbumViewController.xib */ = {isa = PBXFileReference; lastKnownFileType = file.xib; path = AlbumViewController.xib; sourceTree = "<group>"; };
		6923FCCC2735F77E00095564 /* SongsModel.swift */ = {isa = PBXFileReference; lastKnownFileType = sourcecode.swift; path = SongsModel.swift; sourceTree = "<group>"; };
		6923FCCF273602A200095564 /* SongTableViewCell.swift */ = {isa = PBXFileReference; lastKnownFileType = sourcecode.swift; path = SongTableViewCell.swift; sourceTree = "<group>"; };
		6923FCD0273602A200095564 /* SongTableViewCell.xib */ = {isa = PBXFileReference; lastKnownFileType = file.xib; path = SongTableViewCell.xib; sourceTree = "<group>"; };
		694E4AE427358E0A00380272 /* MusicAPIapp.app */ = {isa = PBXFileReference; explicitFileType = wrapper.application; includeInIndex = 0; path = MusicAPIapp.app; sourceTree = BUILT_PRODUCTS_DIR; };
		694E4AE727358E0A00380272 /* AppDelegate.swift */ = {isa = PBXFileReference; lastKnownFileType = sourcecode.swift; path = AppDelegate.swift; sourceTree = "<group>"; };
		694E4AF027358E0B00380272 /* Assets.xcassets */ = {isa = PBXFileReference; lastKnownFileType = folder.assetcatalog; path = Assets.xcassets; sourceTree = "<group>"; };
		694E4AF327358E0B00380272 /* Base */ = {isa = PBXFileReference; lastKnownFileType = file.storyboard; name = Base; path = Base.lproj/LaunchScreen.storyboard; sourceTree = "<group>"; };
		694E4AF527358E0B00380272 /* Info.plist */ = {isa = PBXFileReference; lastKnownFileType = text.plist.xml; path = Info.plist; sourceTree = "<group>"; };
		694E4AFC273590AB00380272 /* SearchViewController.swift */ = {isa = PBXFileReference; lastKnownFileType = sourcecode.swift; path = SearchViewController.swift; sourceTree = "<group>"; };
		694E4AFD273590AB00380272 /* SearchViewController.xib */ = {isa = PBXFileReference; lastKnownFileType = file.xib; path = SearchViewController.xib; sourceTree = "<group>"; };
		694E4B012735949B00380272 /* NetworkRequest.swift */ = {isa = PBXFileReference; lastKnownFileType = sourcecode.swift; path = NetworkRequest.swift; sourceTree = "<group>"; };
		694E4B03273594AD00380272 /* NetworkDataFetch.swift */ = {isa = PBXFileReference; lastKnownFileType = sourcecode.swift; path = NetworkDataFetch.swift; sourceTree = "<group>"; };
		694E4B052735953300380272 /* AlbumModel.swift */ = {isa = PBXFileReference; lastKnownFileType = sourcecode.swift; path = AlbumModel.swift; sourceTree = "<group>"; };
		694E4B09273596A600380272 /* AlbumCollectionViewCell.swift */ = {isa = PBXFileReference; lastKnownFileType = sourcecode.swift; path = AlbumCollectionViewCell.swift; sourceTree = "<group>"; };
		694E4B0A273596A600380272 /* AlbumCollectionViewCell.xib */ = {isa = PBXFileReference; lastKnownFileType = file.xib; path = AlbumCollectionViewCell.xib; sourceTree = "<group>"; };
/* End PBXFileReference section */

/* Begin PBXFrameworksBuildPhase section */
		694E4AE127358E0A00380272 /* Frameworks */ = {
			isa = PBXFrameworksBuildPhase;
			buildActionMask = 2147483647;
			files = (
			);
			runOnlyForDeploymentPostprocessing = 0;
		};
/* End PBXFrameworksBuildPhase section */

/* Begin PBXGroup section */
		6923FCCE2736027D00095564 /* CustomTableCell */ = {
			isa = PBXGroup;
			children = (
				6923FCCF273602A200095564 /* SongTableViewCell.swift */,
				6923FCD0273602A200095564 /* SongTableViewCell.xib */,
			);
			path = CustomTableCell;
			sourceTree = "<group>";
		};
		694E4ADB27358E0A00380272 = {
			isa = PBXGroup;
			children = (
				694E4AE627358E0A00380272 /* MusicAPIapp */,
				694E4AE527358E0A00380272 /* Products */,
			);
			sourceTree = "<group>";
		};
		694E4AE527358E0A00380272 /* Products */ = {
			isa = PBXGroup;
			children = (
				694E4AE427358E0A00380272 /* MusicAPIapp.app */,
			);
			name = Products;
			sourceTree = "<group>";
		};
		694E4AE627358E0A00380272 /* MusicAPIapp */ = {
			isa = PBXGroup;
			children = (
				694E4AE727358E0A00380272 /* AppDelegate.swift */,
				6923FCCE2736027D00095564 /* CustomTableCell */,
				694E4B072735965700380272 /* AlbumView */,
				694E4B082735966700380272 /* CustomCollectionCell */,
				694E4AFB2735908500380272 /* SearchViewController */,
				694E4AF027358E0B00380272 /* Assets.xcassets */,
				694E4AF227358E0B00380272 /* LaunchScreen.storyboard */,
				694E4AF527358E0B00380272 /* Info.plist */,
				694E4B002735948000380272 /* Networking */,
			);
			path = MusicAPIapp;
			sourceTree = "<group>";
		};
		694E4AFB2735908500380272 /* SearchViewController */ = {
			isa = PBXGroup;
			children = (
				694E4AFC273590AB00380272 /* SearchViewController.swift */,
				694E4AFD273590AB00380272 /* SearchViewController.xib */,
			);
			path = SearchViewController;
			sourceTree = "<group>";
		};
		694E4B002735948000380272 /* Networking */ = {
			isa = PBXGroup;
			children = (
				694E4B012735949B00380272 /* NetworkRequest.swift */,
				694E4B03273594AD00380272 /* NetworkDataFetch.swift */,
				694E4B052735953300380272 /* AlbumModel.swift */,
				6923FCCC2735F77E00095564 /* SongsModel.swift */,
			);
			path = Networking;
			sourceTree = "<group>";
		};
		694E4B072735965700380272 /* AlbumView */ = {
			isa = PBXGroup;
			children = (
				6923FCC82735B9FF00095564 /* AlbumViewController.swift */,
				6923FCC92735B9FF00095564 /* AlbumViewController.xib */,
			);
			path = AlbumView;
			sourceTree = "<group>";
		};
		694E4B082735966700380272 /* CustomCollectionCell */ = {
			isa = PBXGroup;
			children = (
				694E4B09273596A600380272 /* AlbumCollectionViewCell.swift */,
				694E4B0A273596A600380272 /* AlbumCollectionViewCell.xib */,
			);
			path = CustomCollectionCell;
			sourceTree = "<group>";
		};
/* End PBXGroup section */

/* Begin PBXNativeTarget section */
		694E4AE327358E0A00380272 /* MusicAPIapp */ = {
			isa = PBXNativeTarget;
			buildConfigurationList = 694E4AF827358E0B00380272 /* Build configuration list for PBXNativeTarget "MusicAPIapp" */;
			buildPhases = (
				694E4AE027358E0A00380272 /* Sources */,
				694E4AE127358E0A00380272 /* Frameworks */,
				694E4AE227358E0A00380272 /* Resources */,
			);
			buildRules = (
			);
			dependencies = (
			);
			name = MusicAPIapp;
			productName = MusicAPIapp;
			productReference = 694E4AE427358E0A00380272 /* MusicAPIapp.app */;
			productType = "com.apple.product-type.application";
		};
/* End PBXNativeTarget section */

/* Begin PBXProject section */
		694E4ADC27358E0A00380272 /* Project object */ = {
			isa = PBXProject;
			attributes = {
				BuildIndependentTargetsInParallel = 1;
				LastSwiftUpdateCheck = 1300;
				LastUpgradeCheck = 1300;
				TargetAttributes = {
					694E4AE327358E0A00380272 = {
						CreatedOnToolsVersion = 13.0;
					};
				};
			};
			buildConfigurationList = 694E4ADF27358E0A00380272 /* Build configuration list for PBXProject "MusicAPIapp" */;
			compatibilityVersion = "Xcode 13.0";
			developmentRegion = en;
			hasScannedForEncodings = 0;
			knownRegions = (
				en,
				Base,
			);
			mainGroup = 694E4ADB27358E0A00380272;
			productRefGroup = 694E4AE527358E0A00380272 /* Products */;
			projectDirPath = "";
			projectRoot = "";
			targets = (
				694E4AE327358E0A00380272 /* MusicAPIapp */,
			);
		};
/* End PBXProject section */

/* Begin PBXResourcesBuildPhase section */
		694E4AE227358E0A00380272 /* Resources */ = {
			isa = PBXResourcesBuildPhase;
			buildActionMask = 2147483647;
			files = (
				6923FCD2273602A200095564 /* SongTableViewCell.xib in Resources */,
				694E4B0C273596A600380272 /* AlbumCollectionViewCell.xib in Resources */,
				694E4AF427358E0B00380272 /* LaunchScreen.storyboard in Resources */,
				694E4AF127358E0B00380272 /* Assets.xcassets in Resources */,
				694E4AFF273590AB00380272 /* SearchViewController.xib in Resources */,
				6923FCCB2735BA0000095564 /* AlbumViewController.xib in Resources */,
			);
			runOnlyForDeploymentPostprocessing = 0;
		};
/* End PBXResourcesBuildPhase section */

/* Begin PBXSourcesBuildPhase section */
		694E4AE027358E0A00380272 /* Sources */ = {
			isa = PBXSourcesBuildPhase;
			buildActionMask = 2147483647;
			files = (
				694E4B0B273596A600380272 /* AlbumCollectionViewCell.swift in Sources */,
				694E4AFE273590AB00380272 /* SearchViewController.swift in Sources */,
				694E4B062735953300380272 /* AlbumModel.swift in Sources */,
				694E4B022735949B00380272 /* NetworkRequest.swift in Sources */,
				694E4AE827358E0A00380272 /* AppDelegate.swift in Sources */,
				694E4B04273594AD00380272 /* NetworkDataFetch.swift in Sources */,
				6923FCD1273602A200095564 /* SongTableViewCell.swift in Sources */,
				6923FCCD2735F77F00095564 /* SongsModel.swift in Sources */,
				6923FCCA2735BA0000095564 /* AlbumViewController.swift in Sources */,
			);
			runOnlyForDeploymentPostprocessing = 0;
		};
/* End PBXSourcesBuildPhase section */

/* Begin PBXVariantGroup section */
		694E4AF227358E0B00380272 /* LaunchScreen.storyboard */ = {
			isa = PBXVariantGroup;
			children = (
				694E4AF327358E0B00380272 /* Base */,
			);
			name = LaunchScreen.storyboard;
			sourceTree = "<group>";
		};
/* End PBXVariantGroup section */

/* Begin XCBuildConfiguration section */
		694E4AF627358E0B00380272 /* Debug */ = {
			isa = XCBuildConfiguration;
			buildSettings = {
				ALWAYS_SEARCH_USER_PATHS = NO;
				CLANG_ANALYZER_NONNULL = YES;
				CLANG_ANALYZER_NUMBER_OBJECT_CONVERSION = YES_AGGRESSIVE;
				CLANG_CXX_LANGUAGE_STANDARD = "gnu++17";
				CLANG_CXX_LIBRARY = "libc++";
				CLANG_ENABLE_MODULES = YES;
				CLANG_ENABLE_OBJC_ARC = YES;
				CLANG_ENABLE_OBJC_WEAK = YES;
				CLANG_WARN_BLOCK_CAPTURE_AUTORELEASING = YES;
				CLANG_WARN_BOOL_CONVERSION = YES;
				CLANG_WARN_COMMA = YES;
				CLANG_WARN_CONSTANT_CONVERSION = YES;
				CLANG_WARN_DEPRECATED_OBJC_IMPLEMENTATIONS = YES;
				CLANG_WARN_DIRECT_OBJC_ISA_USAGE = YES_ERROR;
				CLANG_WARN_DOCUMENTATION_COMMENTS = YES;
				CLANG_WARN_EMPTY_BODY = YES;
				CLANG_WARN_ENUM_CONVERSION = YES;
				CLANG_WARN_INFINITE_RECURSION = YES;
				CLANG_WARN_INT_CONVERSION = YES;
				CLANG_WARN_NON_LITERAL_NULL_CONVERSION = YES;
				CLANG_WARN_OBJC_IMPLICIT_RETAIN_SELF = YES;
				CLANG_WARN_OBJC_LITERAL_CONVERSION = YES;
				CLANG_WARN_OBJC_ROOT_CLASS = YES_ERROR;
				CLANG_WARN_QUOTED_INCLUDE_IN_FRAMEWORK_HEADER = YES;
				CLANG_WARN_RANGE_LOOP_ANALYSIS = YES;
				CLANG_WARN_STRICT_PROTOTYPES = YES;
				CLANG_WARN_SUSPICIOUS_MOVE = YES;
				CLANG_WARN_UNGUARDED_AVAILABILITY = YES_AGGRESSIVE;
				CLANG_WARN_UNREACHABLE_CODE = YES;
				CLANG_WARN__DUPLICATE_METHOD_MATCH = YES;
				COPY_PHASE_STRIP = NO;
				DEBUG_INFORMATION_FORMAT = dwarf;
				ENABLE_STRICT_OBJC_MSGSEND = YES;
				ENABLE_TESTABILITY = YES;
				GCC_C_LANGUAGE_STANDARD = gnu11;
				GCC_DYNAMIC_NO_PIC = NO;
				GCC_NO_COMMON_BLOCKS = YES;
				GCC_OPTIMIZATION_LEVEL = 0;
				GCC_PREPROCESSOR_DEFINITIONS = (
					"DEBUG=1",
					"$(inherited)",
				);
				GCC_WARN_64_TO_32_BIT_CONVERSION = YES;
				GCC_WARN_ABOUT_RETURN_TYPE = YES_ERROR;
				GCC_WARN_UNDECLARED_SELECTOR = YES;
				GCC_WARN_UNINITIALIZED_AUTOS = YES_AGGRESSIVE;
				GCC_WARN_UNUSED_FUNCTION = YES;
				GCC_WARN_UNUSED_VARIABLE = YES;
				IPHONEOS_DEPLOYMENT_TARGET = 15.0;
				MTL_ENABLE_DEBUG_INFO = INCLUDE_SOURCE;
				MTL_FAST_MATH = YES;
				ONLY_ACTIVE_ARCH = YES;
				SDKROOT = iphoneos;
				SWIFT_ACTIVE_COMPILATION_CONDITIONS = DEBUG;
				SWIFT_OPTIMIZATION_LEVEL = "-Onone";
			};
			name = Debug;
		};
		694E4AF727358E0B00380272 /* Release */ = {
			isa = XCBuildConfiguration;
			buildSettings = {
				ALWAYS_SEARCH_USER_PATHS = NO;
				CLANG_ANALYZER_NONNULL = YES;
				CLANG_ANALYZER_NUMBER_OBJECT_CONVERSION = YES_AGGRESSIVE;
				CLANG_CXX_LANGUAGE_STANDARD = "gnu++17";
				CLANG_CXX_LIBRARY = "libc++";
				CLANG_ENABLE_MODULES = YES;
				CLANG_ENABLE_OBJC_ARC = YES;
				CLANG_ENABLE_OBJC_WEAK = YES;
				CLANG_WARN_BLOCK_CAPTURE_AUTORELEASING = YES;
				CLANG_WARN_BOOL_CONVERSION = YES;
				CLANG_WARN_COMMA = YES;
				CLANG_WARN_CONSTANT_CONVERSION = YES;
				CLANG_WARN_DEPRECATED_OBJC_IMPLEMENTATIONS = YES;
				CLANG_WARN_DIRECT_OBJC_ISA_USAGE = YES_ERROR;
				CLANG_WARN_DOCUMENTATION_COMMENTS = YES;
				CLANG_WARN_EMPTY_BODY = YES;
				CLANG_WARN_ENUM_CONVERSION = YES;
				CLANG_WARN_INFINITE_RECURSION = YES;
				CLANG_WARN_INT_CONVERSION = YES;
				CLANG_WARN_NON_LITERAL_NULL_CONVERSION = YES;
				CLANG_WARN_OBJC_IMPLICIT_RETAIN_SELF = YES;
				CLANG_WARN_OBJC_LITERAL_CONVERSION = YES;
				CLANG_WARN_OBJC_ROOT_CLASS = YES_ERROR;
				CLANG_WARN_QUOTED_INCLUDE_IN_FRAMEWORK_HEADER = YES;
				CLANG_WARN_RANGE_LOOP_ANALYSIS = YES;
				CLANG_WARN_STRICT_PROTOTYPES = YES;
				CLANG_WARN_SUSPICIOUS_MOVE = YES;
				CLANG_WARN_UNGUARDED_AVAILABILITY = YES_AGGRESSIVE;
				CLANG_WARN_UNREACHABLE_CODE = YES;
				CLANG_WARN__DUPLICATE_METHOD_MATCH = YES;
				COPY_PHASE_STRIP = NO;
				DEBUG_INFORMATION_FORMAT = "dwarf-with-dsym";
				ENABLE_NS_ASSERTIONS = NO;
				ENABLE_STRICT_OBJC_MSGSEND = YES;
				GCC_C_LANGUAGE_STANDARD = gnu11;
				GCC_NO_COMMON_BLOCKS = YES;
				GCC_WARN_64_TO_32_BIT_CONVERSION = YES;
				GCC_WARN_ABOUT_RETURN_TYPE = YES_ERROR;
				GCC_WARN_UNDECLARED_SELECTOR = YES;
				GCC_WARN_UNINITIALIZED_AUTOS = YES_AGGRESSIVE;
				GCC_WARN_UNUSED_FUNCTION = YES;
				GCC_WARN_UNUSED_VARIABLE = YES;
				IPHONEOS_DEPLOYMENT_TARGET = 15.0;
				MTL_ENABLE_DEBUG_INFO = NO;
				MTL_FAST_MATH = YES;
				SDKROOT = iphoneos;
				SWIFT_COMPILATION_MODE = wholemodule;
				SWIFT_OPTIMIZATION_LEVEL = "-O";
				VALIDATE_PRODUCT = YES;
			};
			name = Release;
		};
		694E4AF927358E0B00380272 /* Debug */ = {
			isa = XCBuildConfiguration;
			buildSettings = {
				ASSETCATALOG_COMPILER_APPICON_NAME = AppIcon;
				ASSETCATALOG_COMPILER_GLOBAL_ACCENT_COLOR_NAME = AccentColor;
				CODE_SIGN_STYLE = Automatic;
				CURRENT_PROJECT_VERSION = 1;
				DEVELOPMENT_TEAM = ZWC3XWL85W;
				GENERATE_INFOPLIST_FILE = YES;
				INFOPLIST_FILE = MusicAPIapp/Info.plist;
				INFOPLIST_KEY_UIApplicationSupportsIndirectInputEvents = YES;
				INFOPLIST_KEY_UILaunchStoryboardName = LaunchScreen;
				INFOPLIST_KEY_UISupportedInterfaceOrientations_iPad = "UIInterfaceOrientationPortrait UIInterfaceOrientationPortraitUpsideDown UIInterfaceOrientationLandscapeLeft UIInterfaceOrientationLandscapeRight";
				INFOPLIST_KEY_UISupportedInterfaceOrientations_iPhone = "UIInterfaceOrientationPortrait UIInterfaceOrientationLandscapeLeft UIInterfaceOrientationLandscapeRight";
				LD_RUNPATH_SEARCH_PATHS = (
					"$(inherited)",
					"@executable_path/Frameworks",
				);
				MARKETING_VERSION = 1.0;
				PRODUCT_BUNDLE_IDENTIFIER = "-.MusicAPIapp";
				PRODUCT_NAME = "$(TARGET_NAME)";
				SWIFT_EMIT_LOC_STRINGS = YES;
				SWIFT_VERSION = 5.0;
				TARGETED_DEVICE_FAMILY = "1,2";
			};
			name = Debug;
		};
		694E4AFA27358E0B00380272 /* Release */ = {
			isa = XCBuildConfiguration;
			buildSettings = {
				ASSETCATALOG_COMPILER_APPICON_NAME = AppIcon;
				ASSETCATALOG_COMPILER_GLOBAL_ACCENT_COLOR_NAME = AccentColor;
				CODE_SIGN_STYLE = Automatic;
				CURRENT_PROJECT_VERSION = 1;
				DEVELOPMENT_TEAM = ZWC3XWL85W;
				GENERATE_INFOPLIST_FILE = YES;
				INFOPLIST_FILE = MusicAPIapp/Info.plist;
				INFOPLIST_KEY_UIApplicationSupportsIndirectInputEvents = YES;
				INFOPLIST_KEY_UILaunchStoryboardName = LaunchScreen;
				INFOPLIST_KEY_UISupportedInterfaceOrientations_iPad = "UIInterfaceOrientationPortrait UIInterfaceOrientationPortraitUpsideDown UIInterfaceOrientationLandscapeLeft UIInterfaceOrientationLandscapeRight";
				INFOPLIST_KEY_UISupportedInterfaceOrientations_iPhone = "UIInterfaceOrientationPortrait UIInterfaceOrientationLandscapeLeft UIInterfaceOrientationLandscapeRight";
				LD_RUNPATH_SEARCH_PATHS = (
					"$(inherited)",
					"@executable_path/Frameworks",
				);
				MARKETING_VERSION = 1.0;
				PRODUCT_BUNDLE_IDENTIFIER = "-.MusicAPIapp";
				PRODUCT_NAME = "$(TARGET_NAME)";
				SWIFT_EMIT_LOC_STRINGS = YES;
				SWIFT_VERSION = 5.0;
				TARGETED_DEVICE_FAMILY = "1,2";
			};
			name = Release;
		};
/* End XCBuildConfiguration section */

/* Begin XCConfigurationList section */
		694E4ADF27358E0A00380272 /* Build configuration list for PBXProject "MusicAPIapp" */ = {
			isa = XCConfigurationList;
			buildConfigurations = (
				694E4AF627358E0B00380272 /* Debug */,
				694E4AF727358E0B00380272 /* Release */,
			);
			defaultConfigurationIsVisible = 0;
			defaultConfigurationName = Release;
		};
		694E4AF827358E0B00380272 /* Build configuration list for PBXNativeTarget "MusicAPIapp" */ = {
			isa = XCConfigurationList;
			buildConfigurations = (
				694E4AF927358E0B00380272 /* Debug */,
				694E4AFA27358E0B00380272 /* Release */,
			);
			defaultConfigurationIsVisible = 0;
			defaultConfigurationName = Release;
		};
/* End XCConfigurationList section */
	};
	rootObject = 694E4ADC27358E0A00380272 /* Project object */;
}
